
Microsoft Visual Studio Solution File, Format Version 12.00
# Visual Studio Version 17
VisualStudioVersion = 17.14.36811.4 d17.14
MinimumVisualStudioVersion = 10.0.40219.1
Project("{FAE04EC0-301F-11D3-BF4B-00C04F79EFBC}") = "CombinedRepoProject", "CombinedRepoProject\CombinedRepoProject.csproj", "{FC54C6D6-3936-4AB2-B8C0-123990351CBB}"
EndProject
Global
	GlobalSection(SolutionConfigurationPlatforms) = preSolution
		Debug|Any CPU = Debug|Any CPU
		Release|Any CPU = Release|Any CPU
	EndGlobalSection
	GlobalSection(ProjectConfigurationPlatforms) = postSolution
		{FC54C6D6-3936-4AB2-B8C0-123990351CBB}.Debug|Any CPU.ActiveCfg = Debug|Any CPU
		{FC54C6D6-3936-4AB2-B8C0-123990351CBB}.Debug|Any CPU.Build.0 = Debug|Any CPU
		{FC54C6D6-3936-4AB2-B8C0-123990351CBB}.Release|Any CPU.ActiveCfg = Release|Any CPU
		{FC54C6D6-3936-4AB2-B8C0-123990351CBB}.Release|Any CPU.Build.0 = Release|Any CPU
	EndGlobalSection
	GlobalSection(SolutionProperties) = preSolution
		HideSolutionNode = FALSE
	EndGlobalSection
	GlobalSection(ExtensibilityGlobals) = postSolution
		SolutionGuid = {08A5BA59-4495-4C9A-A192-9C6CF976D070}
	EndGlobalSection
EndGlobal
